
Microsoft Visual Studio Solution File, Format Version 12.00
# Visual Studio 15
VisualStudioVersion = 15.0.26228.4
MinimumVisualStudioVersion = 10.0.40219.1
Project("{FAE04EC0-301F-11D3-BF4B-00C04F79EFBC}") = "TaskManagerAPI", "TaskManagerAPI\TaskManagerAPI.csproj", "{E5EB9C51-EC97-4A26-BBFF-BF2617B67FC2}"
EndProject
Project("{FAE04EC0-301F-11D3-BF4B-00C04F79EFBC}") = "TaskManagerAPI.Tests", "TaskManagerAPI.Tests\TaskManagerAPI.Tests.csproj", "{FF4B4993-3D80-4611-B958-78838551E5BB}"
EndProject
Project("{FAE04EC0-301F-11D3-BF4B-00C04F79EFBC}") = "TaskManagerAPI.NBench", "TaskManagerAPI.NBench\TaskManagerAPI.NBench.csproj", "{46DE5760-9C53-467A-B247-5A5570779AE7}"
EndProject
Global
	GlobalSection(SolutionConfigurationPlatforms) = preSolution
		Debug|Any CPU = Debug|Any CPU
		Release|Any CPU = Release|Any CPU
	EndGlobalSection
	GlobalSection(ProjectConfigurationPlatforms) = postSolution
		{E5EB9C51-EC97-4A26-BBFF-BF2617B67FC2}.Debug|Any CPU.ActiveCfg = Debug|Any CPU
		{E5EB9C51-EC97-4A26-BBFF-BF2617B67FC2}.Debug|Any CPU.Build.0 = Debug|Any CPU
		{E5EB9C51-EC97-4A26-BBFF-BF2617B67FC2}.Release|Any CPU.ActiveCfg = Release|Any CPU
		{E5EB9C51-EC97-4A26-BBFF-BF2617B67FC2}.Release|Any CPU.Build.0 = Release|Any CPU
		{FF4B4993-3D80-4611-B958-78838551E5BB}.Debug|Any CPU.ActiveCfg = Debug|Any CPU
		{FF4B4993-3D80-4611-B958-78838551E5BB}.Debug|Any CPU.Build.0 = Debug|Any CPU
		{FF4B4993-3D80-4611-B958-78838551E5BB}.Release|Any CPU.ActiveCfg = Release|Any CPU
		{FF4B4993-3D80-4611-B958-78838551E5BB}.Release|Any CPU.Build.0 = Release|Any CPU
		{46DE5760-9C53-467A-B247-5A5570779AE7}.Debug|Any CPU.ActiveCfg = Debug|Any CPU
		{46DE5760-9C53-467A-B247-5A5570779AE7}.Debug|Any CPU.Build.0 = Debug|Any CPU
		{46DE5760-9C53-467A-B247-5A5570779AE7}.Release|Any CPU.ActiveCfg = Release|Any CPU
		{46DE5760-9C53-467A-B247-5A5570779AE7}.Release|Any CPU.Build.0 = Release|Any CPU
	EndGlobalSection
	GlobalSection(SolutionProperties) = preSolution
		HideSolutionNode = FALSE
	EndGlobalSection
	GlobalSection(ExtensibilityGlobals) = postSolution
		SolutionGuid = {62D905AA-91C9-4E51-A355-9E01190E0B09}
	EndGlobalSection
EndGlobal
